{
  "version": 4,
  "terraform_version": "1.13.2",
  "serial": 211,
  "lineage": "7e40147b-59e3-e9e8-3c21-fb881e96ffa7",
  "outputs": {},
  "resources": [
    {
      "mode": "managed",
      "type": "azurerm_resource_group",
      "name": "terraform_azure_providers",
      "provider": "provider[\"registry.terraform.io/hashicorp/azurerm\"]",
      "instances": [
        {
          "schema_version": 0,
          "attributes": {
            "id": "/subscriptions/ca3728e2-f764-4153-bf17-221994981b46/resourceGroups/terraform_azure_providers",
            "location": "eastus",
            "managed_by": "",
            "name": "terraform_azure_providers",
            "tags": {},
            "timeouts": null
          },
          "sensitive_attributes": [],
          "identity_schema_version": 0,
          "private": "eyJlMmJmYjczMC1lY2FhLTExZTYtOGY4OC0zNDM2M2JjN2M0YzAiOnsiY3JlYXRlIjo1NDAwMDAwMDAwMDAwLCJkZWxldGUiOjU0MDAwMDAwMDAwMDAsInJlYWQiOjMwMDAwMDAwMDAwMCwidXBkYXRlIjo1NDAwMDAwMDAwMDAwfX0="
        }
      ]
    },
    {
      "mode": "managed",
      "type": "azurerm_subnet",
      "name": "demo",
      "provider": "provider[\"registry.terraform.io/hashicorp/azurerm\"]",
      "instances": [
        {
          "schema_version": 0,
          "attributes": {
            "address_prefixes": [
              "10.0.1.0/24"
            ],
            "default_outbound_access_enabled": true,
            "delegation": [],
            "id": "/subscriptions/ca3728e2-f764-4153-bf17-221994981b46/resourceGroups/terraform_azure_providers/providers/Microsoft.Network/virtualNetworks/demo-vnet/subnets/demo-subnet",
            "ip_address_pool": [],
            "name": "demo-subnet",
            "private_endpoint_network_policies": "Disabled",
            "private_link_service_network_policies_enabled": true,
            "resource_group_name": "terraform_azure_providers",
            "service_endpoint_policy_ids": [],
            "service_endpoints": [],
            "sharing_scope": "",
            "timeouts": null,
            "virtual_network_name": "demo-vnet"
          },
          "sensitive_attributes": [],
          "identity_schema_version": 0,
          "identity": {
            "name": "demo-subnet",
            "resource_group_name": "terraform_azure_providers",
            "subscription_id": "ca3728e2-f764-4153-bf17-221994981b46",
            "virtual_network_name": "demo-vnet"
          },
          "private": "eyJlMmJmYjczMC1lY2FhLTExZTYtOGY4OC0zNDM2M2JjN2M0YzAiOnsiY3JlYXRlIjoxODAwMDAwMDAwMDAwLCJkZWxldGUiOjE4MDAwMDAwMDAwMDAsInJlYWQiOjMwMDAwMDAwMDAwMCwidXBkYXRlIjoxODAwMDAwMDAwMDAwfX0=",
          "dependencies": [
            "azurerm_resource_group.terraform_azure_providers",
            "azurerm_virtual_network.demo"
          ]
        }
      ]
    },
    {
      "mode": "managed",
      "type": "azurerm_virtual_network",
      "name": "demo",
      "provider": "provider[\"registry.terraform.io/hashicorp/azurerm\"]",
      "instances": [
        {
          "schema_version": 0,
          "attributes": {
            "address_space": [
              "10.0.0.0/16"
            ],
            "bgp_community": "",
            "ddos_protection_plan": [],
            "dns_servers": [],
            "edge_zone": "",
            "encryption": [],
            "flow_timeout_in_minutes": 0,
            "guid": "7aa22508-4a99-46ba-97b2-adf4b3011216",
            "id": "/subscriptions/ca3728e2-f764-4153-bf17-221994981b46/resourceGroups/terraform_azure_providers/providers/Microsoft.Network/virtualNetworks/demo-vnet",
            "ip_address_pool": [],
            "location": "eastus",
            "name": "demo-vnet",
            "private_endpoint_vnet_policies": "Disabled",
            "resource_group_name": "terraform_azure_providers",
            "subnet": [
              {
                "address_prefixes": [
                  "10.0.1.0/24"
                ],
                "default_outbound_access_enabled": true,
                "delegation": [],
                "id": "/subscriptions/ca3728e2-f764-4153-bf17-221994981b46/resourceGroups/terraform_azure_providers/providers/Microsoft.Network/virtualNetworks/demo-vnet/subnets/demo-subnet",
                "name": "demo-subnet",
                "private_endpoint_network_policies": "Disabled",
                "private_link_service_network_policies_enabled": true,
                "route_table_id": "",
                "security_group": "",
                "service_endpoint_policy_ids": [],
                "service_endpoints": []
              }
            ],
            "tags": {},
            "timeouts": null
          },
          "sensitive_attributes": [],
          "identity_schema_version": 0,
          "identity": {
            "name": "demo-vnet",
            "resource_group_name": "terraform_azure_providers",
            "subscription_id": "ca3728e2-f764-4153-bf17-221994981b46"
          },
          "private": "eyJlMmJmYjczMC1lY2FhLTExZTYtOGY4OC0zNDM2M2JjN2M0YzAiOnsiY3JlYXRlIjoxODAwMDAwMDAwMDAwLCJkZWxldGUiOjE4MDAwMDAwMDAwMDAsInJlYWQiOjMwMDAwMDAwMDAwMCwidXBkYXRlIjoxODAwMDAwMDAwMDAwfX0=",
          "dependencies": [
            "azurerm_resource_group.terraform_azure_providers"
          ]
        }
      ]
    },
    {
      "module": "module.avm-res-compute-virtualmachine",
      "mode": "data",
      "type": "azurerm_client_config",
      "name": "telemetry",
      "provider": "provider[\"registry.terraform.io/hashicorp/azurerm\"]",
      "instances": [
        {
          "index_key": 0,
          "schema_version": 0,
          "attributes": {
            "client_id": "3503bb48-64ee-4d16-ba77-3c1662bb6af4",
            "id": "Y2xpZW50Q29uZmlncy9jbGllbnRJZD0zNTAzYmI0OC02NGVlLTRkMTYtYmE3Ny0zYzE2NjJiYjZhZjQ7b2JqZWN0SWQ9YjBiYzdlZjYtMThiNi00NjIzLWEyODctOGRjOTkyNWNkMGI2O3N1YnNjcmlwdGlvbklkPWNhMzcyOGUyLWY3NjQtNDE1My1iZjE3LTIyMTk5NDk4MWI0Njt0ZW5hbnRJZD1lYjVmYzNmMC04ZDM2LTQ4NTMtYTBjYy05OWFkNjQ3MGY3MjY=",
            "object_id": "b0bc7ef6-18b6-4623-a287-8dc9925cd0b6",
            "subscription_id": "ca3728e2-f764-4153-bf17-221994981b46",
            "tenant_id": "eb5fc3f0-8d36-4853-a0cc-99ad6470f726",
            "timeouts": null
          },
          "sensitive_attributes": [],
          "identity_schema_version": 0
        }
      ]
    },
    {
      "module": "module.avm-res-compute-virtualmachine",
      "mode": "data",
      "type": "modtm_module_source",
      "name": "telemetry",
      "provider": "provider[\"registry.terraform.io/azure/modtm\"]",
      "instances": [
        {
          "index_key": 0,
          "schema_version": 0,
          "attributes": {
            "module_path": ".terraform/modules/avm-res-compute-virtualmachine",
            "module_source": "registry.terraform.io/Azure/avm-res-compute-virtualmachine/azurerm",
            "module_version": "0.19.3"
          },
          "sensitive_attributes": [],
          "identity_schema_version": 0
        }
      ]
    },
    {
      "module": "module.avm-res-compute-virtualmachine",
      "mode": "managed",
      "type": "azurerm_key_vault_secret",
      "name": "admin_password",
      "provider": "provider[\"registry.terraform.io/hashicorp/azurerm\"]",
      "instances": []
    },
    {
      "module": "module.avm-res-compute-virtualmachine",
      "mode": "managed",
      "type": "azurerm_key_vault_secret",
      "name": "admin_ssh_key",
      "provider": "provider[\"registry.terraform.io/hashicorp/azurerm\"]",
      "instances": []
    },
    {
      "module": "module.avm-res-compute-virtualmachine",
      "mode": "managed",
      "type": "azurerm_managed_disk",
      "name": "this",
      "provider": "provider[\"registry.terraform.io/hashicorp/azurerm\"]",
      "instances": []
    },
    {
      "module": "module.avm-res-compute-virtualmachine",
      "mode": "managed",
      "type": "azurerm_monitor_diagnostic_setting",
      "name": "this_nic_diags",
      "provider": "provider[\"registry.terraform.io/hashicorp/azurerm\"]",
      "instances": []
    },
    {
      "module": "module.avm-res-compute-virtualmachine",
      "mode": "managed",
      "type": "azurerm_network_interface",
      "name": "virtualmachine_network_interfaces",
      "provider": "provider[\"registry.terraform.io/hashicorp/azurerm\"]",
      "instances": [
        {
          "index_key": "network_interface_1",
          "schema_version": 0,
          "attributes": {
            "accelerated_networking_enabled": false,
            "applied_dns_servers": [],
            "auxiliary_mode": "",
            "auxiliary_sku": "",
            "dns_servers": [],
            "edge_zone": "",
            "id": "/subscriptions/ca3728e2-f764-4153-bf17-221994981b46/resourceGroups/terraform_azure_providers/providers/Microsoft.Network/networkInterfaces/testnic1",
            "internal_dns_name_label": "",
            "internal_domain_name_suffix": "",
            "ip_configuration": [
              {
                "gateway_load_balancer_frontend_ip_configuration_id": "",
                "name": "testnic1-ipconfig1",
                "primary": true,
                "private_ip_address": "10.0.1.4",
                "private_ip_address_allocation": "Dynamic",
                "private_ip_address_version": "IPv4",
                "public_ip_address_id": "/subscriptions/ca3728e2-f764-4153-bf17-221994981b46/resourceGroups/terraform_azure_providers/providers/Microsoft.Network/publicIPAddresses/demo-pip",
                "subnet_id": "/subscriptions/ca3728e2-f764-4153-bf17-221994981b46/resourceGroups/terraform_azure_providers/providers/Microsoft.Network/virtualNetworks/demo-vnet/subnets/demo-subnet"
              }
            ],
            "ip_forwarding_enabled": false,
            "location": "eastus",
            "mac_address": "00-0D-3A-99-DC-51",
            "name": "testnic1",
            "private_ip_address": "10.0.1.4",
            "private_ip_addresses": [
              "10.0.1.4"
            ],
            "resource_group_name": "terraform_azure_providers",
            "tags": {},
            "timeouts": null,
            "virtual_machine_id": ""
          },
          "sensitive_attributes": [],
          "identity_schema_version": 0,
          "identity": {
            "name": "testnic1",
            "resource_group_name": "terraform_azure_providers",
            "subscription_id": "ca3728e2-f764-4153-bf17-221994981b46"
          },
          "private": "eyJlMmJmYjczMC1lY2FhLTExZTYtOGY4OC0zNDM2M2JjN2M0YzAiOnsiY3JlYXRlIjoxODAwMDAwMDAwMDAwLCJkZWxldGUiOjE4MDAwMDAwMDAwMDAsInJlYWQiOjMwMDAwMDAwMDAwMCwidXBkYXRlIjoxODAwMDAwMDAwMDAwfX0=",
          "dependencies": [
            "azurerm_resource_group.terraform_azure_providers",
            "azurerm_subnet.demo",
            "azurerm_virtual_network.demo",
            "module.avm-res-compute-virtualmachine.azurerm_public_ip.virtualmachine_public_ips"
          ]
        }
      ]
    },
    {
      "module": "module.avm-res-compute-virtualmachine",
      "mode": "managed",
      "type": "azurerm_network_interface_application_gateway_backend_address_pool_association",
      "name": "this",
      "provider": "provider[\"registry.terraform.io/hashicorp/azurerm\"]",
      "instances": []
    },
    {
      "module": "module.avm-res-compute-virtualmachine",
      "mode": "managed",
      "type": "azurerm_network_interface_application_security_group_association",
      "name": "this",
      "provider": "provider[\"registry.terraform.io/hashicorp/azurerm\"]",
      "instances": []
    },
    {
      "module": "module.avm-res-compute-virtualmachine",
      "mode": "managed",
      "type": "azurerm_network_interface_backend_address_pool_association",
      "name": "this",
      "provider": "provider[\"registry.terraform.io/hashicorp/azurerm\"]",
      "instances": []
    },
    {
      "module": "module.avm-res-compute-virtualmachine",
      "mode": "managed",
      "type": "azurerm_network_interface_nat_rule_association",
      "name": "this",
      "provider": "provider[\"registry.terraform.io/hashicorp/azurerm\"]",
      "instances": []
    },
    {
      "module": "module.avm-res-compute-virtualmachine",
      "mode": "managed",
      "type": "azurerm_network_interface_security_group_association",
      "name": "this",
      "provider": "provider[\"registry.terraform.io/hashicorp/azurerm\"]",
      "instances": []
    },
    {
      "module": "module.avm-res-compute-virtualmachine",
      "mode": "managed",
      "type": "azurerm_public_ip",
      "name": "virtualmachine_public_ips",
      "provider": "provider[\"registry.terraform.io/hashicorp/azurerm\"]",
      "instances": [
        {
          "index_key": "network_interface_1-ip_configuration_1",
          "schema_version": 0,
          "attributes": {
            "allocation_method": "Static",
            "ddos_protection_mode": "VirtualNetworkInherited",
            "ddos_protection_plan_id": null,
            "domain_name_label": null,
            "domain_name_label_scope": null,
            "edge_zone": "",
            "fqdn": null,
            "id": "/subscriptions/ca3728e2-f764-4153-bf17-221994981b46/resourceGroups/terraform_azure_providers/providers/Microsoft.Network/publicIPAddresses/demo-pip",
            "idle_timeout_in_minutes": 30,
            "ip_address": "135.234.224.245",
            "ip_tags": {},
            "ip_version": "IPv4",
            "location": "eastus",
            "name": "demo-pip",
            "public_ip_prefix_id": null,
            "resource_group_name": "terraform_azure_providers",
            "reverse_fqdn": null,
            "sku": "Standard",
            "sku_tier": "Regional",
            "tags": {},
            "timeouts": null,
            "zones": [
              "1",
              "2",
              "3"
            ]
          },
          "sensitive_attributes": [],
          "identity_schema_version": 0,
          "private": "eyJlMmJmYjczMC1lY2FhLTExZTYtOGY4OC0zNDM2M2JjN2M0YzAiOnsiY3JlYXRlIjoxODAwMDAwMDAwMDAwLCJkZWxldGUiOjE4MDAwMDAwMDAwMDAsInJlYWQiOjMwMDAwMDAwMDAwMCwidXBkYXRlIjoxODAwMDAwMDAwMDAwfX0=",
          "dependencies": [
            "azurerm_resource_group.terraform_azure_providers",
            "azurerm_subnet.demo",
            "azurerm_virtual_network.demo"
          ]
        }
      ]
    },
    {
      "module": "module.avm-res-compute-virtualmachine",
      "mode": "managed",
      "type": "azurerm_role_assignment",
      "name": "disks",
      "provider": "provider[\"registry.terraform.io/hashicorp/azurerm\"]",
      "instances": []
    },
    {
      "module": "module.avm-res-compute-virtualmachine",
      "mode": "managed",
      "type": "azurerm_role_assignment",
      "name": "this_network_interface",
      "provider": "provider[\"registry.terraform.io/hashicorp/azurerm\"]",
      "instances": []
    },
    {
      "module": "module.avm-res-compute-virtualmachine",
      "mode": "managed",
      "type": "azurerm_virtual_machine_data_disk_attachment",
      "name": "this_windows",
      "provider": "provider[\"registry.terraform.io/hashicorp/azurerm\"]",
      "instances": []
    },
    {
      "module": "module.avm-res-compute-virtualmachine",
      "mode": "managed",
      "type": "azurerm_windows_virtual_machine",
      "name": "this",
      "provider": "provider[\"registry.terraform.io/hashicorp/azurerm\"]",
      "instances": []
    },
    {
      "module": "module.avm-res-compute-virtualmachine",
      "mode": "managed",
      "type": "random_password",
      "name": "admin_password",
      "provider": "provider[\"registry.terraform.io/hashicorp/random\"]",
      "instances": []
    }
  ],
  "check_results": null
}
